
Microsoft Visual Studio Solution File, Format Version 12.00
# Visual Studio Version 17
VisualStudioVersion = 17.0.32014.148
MinimumVisualStudioVersion = 10.0.40219.1
Project("{FAE04EC0-301F-11D3-BF4B-00C04F79EFBC}") = "MsTestProject", "MsTestProject.csproj", "{75E6FC56-0922-41B0-AFCD-2C75BD3CB30C}"
EndProject
Global
	GlobalSection(SolutionConfigurationPlatforms) = preSolution
		Debug|Any CPU = Debug|Any CPU
		Release|Any CPU = Release|Any CPU
	EndGlobalSection
	GlobalSection(ProjectConfigurationPlatforms) = postSolution
		{75E6FC56-0922-41B0-AFCD-2C75BD3CB30C}.Debug|Any CPU.ActiveCfg = Debug|Any CPU
		{75E6FC56-0922-41B0-AFCD-2C75BD3CB30C}.Debug|Any CPU.Build.0 = Debug|Any CPU
		{75E6FC56-0922-41B0-AFCD-2C75BD3CB30C}.Release|Any CPU.ActiveCfg = Release|Any CPU
		{75E6FC56-0922-41B0-AFCD-2C75BD3CB30C}.Release|Any CPU.Build.0 = Release|Any CPU
	EndGlobalSection
	GlobalSection(SolutionProperties) = preSolution
		HideSolutionNode = FALSE
	EndGlobalSection
	GlobalSection(ExtensibilityGlobals) = postSolution
		SolutionGuid = {36A75FEB-B305-4123-9E31-BA6748BD96E7}
	EndGlobalSection
EndGlobal
